// !$*UTF8*$!
{
	archiveVersion = 1;
	classes = {
	};
	objectVersion = 46;
	objects = {

/* Begin PBXBuildFile section */
		463605A219F4165000DFA1F2 /* AppDelegate.swift in Sources */ = {isa = PBXBuildFile; fileRef = 463605A119F4165000DFA1F2 /* AppDelegate.swift */; };
		463605A419F4165000DFA1F2 /* ViewController.swift in Sources */ = {isa = PBXBuildFile; fileRef = 463605A319F4165000DFA1F2 /* ViewController.swift */; };
		463605A719F4165000DFA1F2 /* Main.storyboard in Resources */ = {isa = PBXBuildFile; fileRef = 463605A519F4165000DFA1F2 /* Main.storyboard */; };
		463605A919F4165000DFA1F2 /* Images.xcassets in Resources */ = {isa = PBXBuildFile; fileRef = 463605A819F4165000DFA1F2 /* Images.xcassets */; };
		463605AC19F4165000DFA1F2 /* LaunchScreen.xib in Resources */ = {isa = PBXBuildFile; fileRef = 463605AA19F4165000DFA1F2 /* LaunchScreen.xib */; };
		463605B819F4165000DFA1F2 /* NipponTests.swift in Sources */ = {isa = PBXBuildFile; fileRef = 463605B719F4165000DFA1F2 /* NipponTests.swift */; };
/* End PBXBuildFile section */

/* Begin PBXContainerItemProxy section */
		463605B219F4165000DFA1F2 /* PBXContainerItemProxy */ = {
			isa = PBXContainerItemProxy;
			containerPortal = 4636059419F4165000DFA1F2 /* Project object */;
			proxyType = 1;
			remoteGlobalIDString = 4636059B19F4165000DFA1F2;
			remoteInfo = Nippon;
		};
/* End PBXContainerItemProxy section */

/* Begin PBXFileReference section */
		4636059C19F4165000DFA1F2 /* Nippon.app */ = {isa = PBXFileReference; explicitFileType = wrapper.application; includeInIndex = 0; path = Nippon.app; sourceTree = BUILT_PRODUCTS_DIR; };
		463605A019F4165000DFA1F2 /* Info.plist */ = {isa = PBXFileReference; lastKnownFileType = text.plist.xml; path = Info.plist; sourceTree = "<group>"; };
		463605A119F4165000DFA1F2 /* AppDelegate.swift */ = {isa = PBXFileReference; lastKnownFileType = sourcecode.swift; path = AppDelegate.swift; sourceTree = "<group>"; };
		463605A319F4165000DFA1F2 /* ViewController.swift */ = {isa = PBXFileReference; lastKnownFileType = sourcecode.swift; path = ViewController.swift; sourceTree = "<group>"; };
		463605A619F4165000DFA1F2 /* Base */ = {isa = PBXFileReference; lastKnownFileType = file.storyboard; name = Base; path = Base.lproj/Main.storyboard; sourceTree = "<group>"; };
		463605A819F4165000DFA1F2 /* Images.xcassets */ = {isa = PBXFileReference; lastKnownFileType = folder.assetcatalog; path = Images.xcassets; sourceTree = "<group>"; };
		463605AB19F4165000DFA1F2 /* Base */ = {isa = PBXFileReference; lastKnownFileType = file.xib; name = Base; path = Base.lproj/LaunchScreen.xib; sourceTree = "<group>"; };
		463605B119F4165000DFA1F2 /* NipponTests.xctest */ = {isa = PBXFileReference; explicitFileType = wrapper.cfbundle; includeInIndex = 0; path = NipponTests.xctest; sourceTree = BUILT_PRODUCTS_DIR; };
		463605B619F4165000DFA1F2 /* Info.plist */ = {isa = PBXFileReference; lastKnownFileType = text.plist.xml; path = Info.plist; sourceTree = "<group>"; };
		463605B719F4165000DFA1F2 /* NipponTests.swift */ = {isa = PBXFileReference; lastKnownFileType = sourcecode.swift; path = NipponTests.swift; sourceTree = "<group>"; };
/* End PBXFileReference section */

/* Begin PBXFrameworksBuildPhase section */
		4636059919F4165000DFA1F2 /* Frameworks */ = {
			isa = PBXFrameworksBuildPhase;
			buildActionMask = 2147483647;
			files = (
			);
			runOnlyForDeploymentPostprocessing = 0;
		};
		463605AE19F4165000DFA1F2 /* Frameworks */ = {
			isa = PBXFrameworksBuildPhase;
			buildActionMask = 2147483647;
			files = (
			);
			runOnlyForDeploymentPostprocessing = 0;
		};
/* End PBXFrameworksBuildPhase section */

/* Begin PBXGroup section */
		4636059319F4165000DFA1F2 = {
			isa = PBXGroup;
			children = (
				4636059E19F4165000DFA1F2 /* Nippon */,
				463605B419F4165000DFA1F2 /* NipponTests */,
				4636059D19F4165000DFA1F2 /* Products */,
			);
			sourceTree = "<group>";
		};
		4636059D19F4165000DFA1F2 /* Products */ = {
			isa = PBXGroup;
			children = (
				4636059C19F4165000DFA1F2 /* Nippon.app */,
				463605B119F4165000DFA1F2 /* NipponTests.xctest */,
			);
			name = Products;
			sourceTree = "<group>";
		};
		4636059E19F4165000DFA1F2 /* Nippon */ = {
			isa = PBXGroup;
			children = (
				463605A119F4165000DFA1F2 /* AppDelegate.swift */,
				463605A319F4165000DFA1F2 /* ViewController.swift */,
				463605A519F4165000DFA1F2 /* Main.storyboard */,
				463605A819F4165000DFA1F2 /* Images.xcassets */,
				463605AA19F4165000DFA1F2 /* LaunchScreen.xib */,
				4636059F19F4165000DFA1F2 /* Supporting Files */,
			);
			path = Nippon;
			sourceTree = "<group>";
		};
		4636059F19F4165000DFA1F2 /* Supporting Files */ = {
			isa = PBXGroup;
			children = (
				463605A019F4165000DFA1F2 /* Info.plist */,
			);
			name = "Supporting Files";
			sourceTree = "<group>";
		};
		463605B419F4165000DFA1F2 /* NipponTests */ = {
			isa = PBXGroup;
			children = (
				463605B719F4165000DFA1F2 /* NipponTests.swift */,
				463605B519F4165000DFA1F2 /* Supporting Files */,
			);
			path = NipponTests;
			sourceTree = "<group>";
		};
		463605B519F4165000DFA1F2 /* Supporting Files */ = {
			isa = PBXGroup;
			children = (
				463605B619F4165000DFA1F2 /* Info.plist */,
			);
			name = "Supporting Files";
			sourceTree = "<group>";
		};
/* End PBXGroup section */

/* Begin PBXNativeTarget section */
		4636059B19F4165000DFA1F2 /* Nippon */ = {
			isa = PBXNativeTarget;
			buildConfigurationList = 463605BB19F4165000DFA1F2 /* Build configuration list for PBXNativeTarget "Nippon" */;
			buildPhases = (
				4636059819F4165000DFA1F2 /* Sources */,
				4636059919F4165000DFA1F2 /* Frameworks */,
				4636059A19F4165000DFA1F2 /* Resources */,
			);
			buildRules = (
			);
			dependencies = (
			);
			name = Nippon;
			productName = Nippon;
			productReference = 4636059C19F4165000DFA1F2 /* Nippon.app */;
			productType = "com.apple.product-type.application";
		};
		463605B019F4165000DFA1F2 /* NipponTests */ = {
			isa = PBXNativeTarget;
			buildConfigurationList = 463605BE19F4165000DFA1F2 /* Build configuration list for PBXNativeTarget "NipponTests" */;
			buildPhases = (
				463605AD19F4165000DFA1F2 /* Sources */,
				463605AE19F4165000DFA1F2 /* Frameworks */,
				463605AF19F4165000DFA1F2 /* Resources */,
			);
			buildRules = (
			);
			dependencies = (
				463605B319F4165000DFA1F2 /* PBXTargetDependency */,
			);
			name = NipponTests;
			productName = NipponTests;
			productReference = 463605B119F4165000DFA1F2 /* NipponTests.xctest */;
			productType = "com.apple.product-type.bundle.unit-test";
		};
/* End PBXNativeTarget section */

/* Begin PBXProject section */
		4636059419F4165000DFA1F2 /* Project object */ = {
			isa = PBXProject;
			attributes = {
				LastUpgradeCheck = 0600;
				ORGANIZATIONNAME = "Moshe Berman";
				TargetAttributes = {
					4636059B19F4165000DFA1F2 = {
						CreatedOnToolsVersion = 6.0;
					};
					463605B019F4165000DFA1F2 = {
						CreatedOnToolsVersion = 6.0;
						TestTargetID = 4636059B19F4165000DFA1F2;
					};
				};
			};
			buildConfigurationList = 4636059719F4165000DFA1F2 /* Build configuration list for PBXProject "Nippon" */;
			compatibilityVersion = "Xcode 3.2";
			developmentRegion = English;
			hasScannedForEncodings = 0;
			knownRegions = (
				en,
				Base,
			);
			mainGroup = 4636059319F4165000DFA1F2;
			productRefGroup = 4636059D19F4165000DFA1F2 /* Products */;
			projectDirPath = "";
			projectRoot = "";
			targets = (
				4636059B19F4165000DFA1F2 /* Nippon */,
				463605B019F4165000DFA1F2 /* NipponTests */,
			);
		};
/* End PBXProject section */

/* Begin PBXResourcesBuildPhase section */
		4636059A19F4165000DFA1F2 /* Resources */ = {
			isa = PBXResourcesBuildPhase;
			buildActionMask = 2147483647;
			files = (
				463605A719F4165000DFA1F2 /* Main.storyboard in Resources */,
				463605AC19F4165000DFA1F2 /* LaunchScreen.xib in Resources */,
				463605A919F4165000DFA1F2 /* Images.xcassets in Resources */,
			);
			runOnlyForDeploymentPostprocessing = 0;
		};
		463605AF19F4165000DFA1F2 /* Resources */ = {
			isa = PBXResourcesBuildPhase;
			buildActionMask = 2147483647;
			files = (
			);
			runOnlyForDeploymentPostprocessing = 0;
		};
/* End PBXResourcesBuildPhase section */

/* Begin PBXSourcesBuildPhase section */
		4636059819F4165000DFA1F2 /* Sources */ = {
			isa = PBXSourcesBuildPhase;
			buildActionMask = 2147483647;
			files = (
				463605A419F4165000DFA1F2 /* ViewController.swift in Sources */,
				463605A219F4165000DFA1F2 /* AppDelegate.swift in Sources */,
			);
			runOnlyForDeploymentPostprocessing = 0;
		};
		463605AD19F4165000DFA1F2 /* Sources */ = {
			isa = PBXSourcesBuildPhase;
			buildActionMask = 2147483647;
			files = (
				463605B819F4165000DFA1F2 /* NipponTests.swift in Sources */,
			);
			runOnlyForDeploymentPostprocessing = 0;
		};
/* End PBXSourcesBuildPhase section */

/* Begin PBXTargetDependency section */
		463605B319F4165000DFA1F2 /* PBXTargetDependency */ = {
			isa = PBXTargetDependency;
			target = 4636059B19F4165000DFA1F2 /* Nippon */;
			targetProxy = 463605B219F4165000DFA1F2 /* PBXContainerItemProxy */;
		};
/* End PBXTargetDependency section */

/* Begin PBXVariantGroup section */
		463605A519F4165000DFA1F2 /* Main.storyboard */ = {
			isa = PBXVariantGroup;
			children = (
				463605A619F4165000DFA1F2 /* Base */,
			);
			name = Main.storyboard;
			sourceTree = "<group>";
		};
		463605AA19F4165000DFA1F2 /* LaunchScreen.xib */ = {
			isa = PBXVariantGroup;
			children = (
				463605AB19F4165000DFA1F2 /* Base */,
			);
			name = LaunchScreen.xib;
			sourceTree = "<group>";
		};
/* End PBXVariantGroup section */

/* Begin XCBuildConfiguration section */
		463605B919F4165000DFA1F2 /* Debug */ = {
			isa = XCBuildConfiguration;
			buildSettings = {
				ALWAYS_SEARCH_USER_PATHS = NO;
				CLANG_CXX_LANGUAGE_STANDARD = "gnu++0x";
				CLANG_CXX_LIBRARY = "libc++";
				CLANG_ENABLE_MODULES = YES;
				CLANG_ENABLE_OBJC_ARC = YES;
				CLANG_WARN_BOOL_CONVERSION = YES;
				CLANG_WARN_CONSTANT_CONVERSION = YES;
				CLANG_WARN_DIRECT_OBJC_ISA_USAGE = YES_ERROR;
				CLANG_WARN_EMPTY_BODY = YES;
				CLANG_WARN_ENUM_CONVERSION = YES;
				CLANG_WARN_INT_CONVERSION = YES;
				CLANG_WARN_OBJC_ROOT_CLASS = YES_ERROR;
				CLANG_WARN_UNREACHABLE_CODE = YES;
				CLANG_WARN__DUPLICATE_METHOD_MATCH = YES;
				"CODE_SIGN_IDENTITY[sdk=iphoneos*]" = "iPhone Developer";
				COPY_PHASE_STRIP = NO;
				ENABLE_STRICT_OBJC_MSGSEND = YES;
				GCC_C_LANGUAGE_STANDARD = gnu99;
				GCC_DYNAMIC_NO_PIC = NO;
				GCC_OPTIMIZATION_LEVEL = 0;
				GCC_PREPROCESSOR_DEFINITIONS = (
					"DEBUG=1",
					"$(inherited)",
				);
				GCC_SYMBOLS_PRIVATE_EXTERN = NO;
				GCC_WARN_64_TO_32_BIT_CONVERSION = YES;
				GCC_WARN_ABOUT_RETURN_TYPE = YES_ERROR;
				GCC_WARN_UNDECLARED_SELECTOR = YES;
				GCC_WARN_UNINITIALIZED_AUTOS = YES_AGGRESSIVE;
				GCC_WARN_UNUSED_FUNCTION = YES;
				GCC_WARN_UNUSED_VARIABLE = YES;
				IPHONEOS_DEPLOYMENT_TARGET = 8.0;
				MTL_ENABLE_DEBUG_INFO = YES;
				ONLY_ACTIVE_ARCH = YES;
				SDKROOT = iphoneos;
				SWIFT_OPTIMIZATION_LEVEL = "-Onone";
			};
			name = Debug;
		};
		463605BA19F4165000DFA1F2 /* Release */ = {
			isa = XCBuildConfiguration;
			buildSettings = {
				ALWAYS_SEARCH_USER_PATHS = NO;
				CLANG_CXX_LANGUAGE_STANDARD = "gnu++0x";
				CLANG_CXX_LIBRARY = "libc++";
				CLANG_ENABLE_MODULES = YES;
				CLANG_ENABLE_OBJC_ARC = YES;
				CLANG_WARN_BOOL_CONVERSION = YES;
				CLANG_WARN_CONSTANT_CONVERSION = YES;
				CLANG_WARN_DIRECT_OBJC_ISA_USAGE = YES_ERROR;
				CLANG_WARN_EMPTY_BODY = YES;
				CLANG_WARN_ENUM_CONVERSION = YES;
				CLANG_WARN_INT_CONVERSION = YES;
				CLANG_WARN_OBJC_ROOT_CLASS = YES_ERROR;
				CLANG_WARN_UNREACHABLE_CODE = YES;
				CLANG_WARN__DUPLICATE_METHOD_MATCH = YES;
				"CODE_SIGN_IDENTITY[sdk=iphoneos*]" = "iPhone Developer";
				COPY_PHASE_STRIP = YES;
				ENABLE_NS_ASSERTIONS = NO;
				ENABLE_STRICT_OBJC_MSGSEND = YES;
				GCC_C_LANGUAGE_STANDARD = gnu99;
				GCC_WARN_64_TO_32_BIT_CONVERSION = YES;
				GCC_WARN_ABOUT_RETURN_TYPE = YES_ERROR;
				GCC_WARN_UNDECLARED_SELECTOR = YES;
				GCC_WARN_UNINITIALIZED_AUTOS = YES_AGGRESSIVE;
				GCC_WARN_UNUSED_FUNCTION = YES;
				GCC_WARN_UNUSED_VARIABLE = YES;
				IPHONEOS_DEPLOYMENT_TARGET = 8.0;
				MTL_ENABLE_DEBUG_INFO = NO;
				SDKROOT = iphoneos;
				VALIDATE_PRODUCT = YES;
			};
			name = Release;
		};
		463605BC19F4165000DFA1F2 /* Debug */ = {
			isa = XCBuildConfiguration;
			buildSettings = {
				ASSETCATALOG_COMPILER_APPICON_NAME = AppIcon;
				INFOPLIST_FILE = Nippon/Info.plist;
				LD_RUNPATH_SEARCH_PATHS = "$(inherited) @executable_path/Frameworks";
				PRODUCT_NAME = "$(TARGET_NAME)";
			};
			name = Debug;
		};
		463605BD19F4165000DFA1F2 /* Release */ = {
			isa = XCBuildConfiguration;
			buildSettings = {
				ASSETCATALOG_COMPILER_APPICON_NAME = AppIcon;
				INFOPLIST_FILE = Nippon/Info.plist;
				LD_RUNPATH_SEARCH_PATHS = "$(inherited) @executable_path/Frameworks";
				PRODUCT_NAME = "$(TARGET_NAME)";
			};
			name = Release;
		};
		463605BF19F4165000DFA1F2 /* Debug */ = {
			isa = XCBuildConfiguration;
			buildSettings = {
				BUNDLE_LOADER = "$(TEST_HOST)";
				FRAMEWORK_SEARCH_PATHS = (
					"$(SDKROOT)/Developer/Library/Frameworks",
					"$(inherited)",
				);
				GCC_PREPROCESSOR_DEFINITIONS = (
					"DEBUG=1",
					"$(inherited)",
				);
				INFOPLIST_FILE = NipponTests/Info.plist;
				LD_RUNPATH_SEARCH_PATHS = "$(inherited) @executable_path/Frameworks @loader_path/Frameworks";
				PRODUCT_NAME = "$(TARGET_NAME)";
				TEST_HOST = "$(BUILT_PRODUCTS_DIR)/Nippon.app/Nippon";
			};
			name = Debug;
		};
		463605C019F4165000DFA1F2 /* Release */ = {
			isa = XCBuildConfiguration;
			buildSettings = {
				BUNDLE_LOADER = "$(TEST_HOST)";
				FRAMEWORK_SEARCH_PATHS = (
					"$(SDKROOT)/Developer/Library/Frameworks",
					"$(inherited)",
				);
				INFOPLIST_FILE = NipponTests/Info.plist;
				LD_RUNPATH_SEARCH_PATHS = "$(inherited) @executable_path/Frameworks @loader_path/Frameworks";
				PRODUCT_NAME = "$(TARGET_NAME)";
				TEST_HOST = "$(BUILT_PRODUCTS_DIR)/Nippon.app/Nippon";
			};
			name = Release;
		};
/* End XCBuildConfiguration section */

/* Begin XCConfigurationList section */
		4636059719F4165000DFA1F2 /* Build configuration list for PBXProject "Nippon" */ = {
			isa = XCConfigurationList;
			buildConfigurations = (
				463605B919F4165000DFA1F2 /* Debug */,
				463605BA19F4165000DFA1F2 /* Release */,
			);
			defaultConfigurationIsVisible = 0;
			defaultConfigurationName = Release;
		};
		463605BB19F4165000DFA1F2 /* Build configuration list for PBXNativeTarget "Nippon" */ = {
			isa = XCConfigurationList;
			buildConfigurations = (
				463605BC19F4165000DFA1F2 /* Debug */,
				463605BD19F4165000DFA1F2 /* Release */,
			);
			defaultConfigurationIsVisible = 0;
		};
		463605BE19F4165000DFA1F2 /* Build configuration list for PBXNativeTarget "NipponTests" */ = {
			isa = XCConfigurationList;
			buildConfigurations = (
				463605BF19F4165000DFA1F2 /* Debug */,
				463605C019F4165000DFA1F2 /* Release */,
			);
			defaultConfigurationIsVisible = 0;
		};
/* End XCConfigurationList section */
	};
	rootObject = 4636059419F4165000DFA1F2 /* Project object */;
}
